
Microsoft Visual Studio Solution File, Format Version 12.00
# Visual Studio Version 17
VisualStudioVersion = 17.6.33723.286
MinimumVisualStudioVersion = 10.0.40219.1
Project("{FAE04EC0-301F-11D3-BF4B-00C04F79EFBC}") = "String", "String\String.csproj", "{AD4EA277-75BD-4734-82EF-7FC5D589B06E}"
EndProject
Global
	GlobalSection(SolutionConfigurationPlatforms) = preSolution
		Debug|Any CPU = Debug|Any CPU
		Release|Any CPU = Release|Any CPU
	EndGlobalSection
	GlobalSection(ProjectConfigurationPlatforms) = postSolution
		{AD4EA277-75BD-4734-82EF-7FC5D589B06E}.Debug|Any CPU.ActiveCfg = Debug|Any CPU
		{AD4EA277-75BD-4734-82EF-7FC5D589B06E}.Debug|Any CPU.Build.0 = Debug|Any CPU
		{AD4EA277-75BD-4734-82EF-7FC5D589B06E}.Release|Any CPU.ActiveCfg = Release|Any CPU
		{AD4EA277-75BD-4734-82EF-7FC5D589B06E}.Release|Any CPU.Build.0 = Release|Any CPU
	EndGlobalSection
	GlobalSection(SolutionProperties) = preSolution
		HideSolutionNode = FALSE
	EndGlobalSection
	GlobalSection(ExtensibilityGlobals) = postSolution
		SolutionGuid = {89F906D4-3476-4005-A7EC-6F95B13380D4}
	EndGlobalSection
EndGlobal
